PODS:
  - Alamofire (4.8.2)
  - IGListKit (3.4.0):
    - IGListKit/Default (= 3.4.0)
  - IGListKit/Default (3.4.0):
    - IGListKit/Diffing
  - IGListKit/Diffing (3.4.0)
  - SDWebImage (5.0.6):
    - SDWebImage/Core (= 5.0.6)
  - SDWebImage/Core (5.0.6)
  - SwiftyXML (3.0.0)

DEPENDENCIES:
  - Alamofire
  - IGListKit (~> 3.4.0)
  - SDWebImage (~> 5.0)
  - SwiftyXML (~> 3.0.0)

SPEC REPOS:
  https://github.com/cocoapods/specs.git:
    - Alamofire
    - IGListKit
    - SDWebImage
    - SwiftyXML

SPEC CHECKSUMS:
  Alamofire: ae5c501addb7afdbb13687d7f2f722c78734c2d3
  IGListKit: 7a5d788e9fb746bcd402baa8e8b24bc3bd2a5a07
  SDWebImage: 920f1a2ff1ca8296ad34f6e0510a1ef1d70ac965
  SwiftyXML: 0427c334881dee63a6b76b70e090fb3b45fc773d

PODFILE CHECKSUM: b09941d4668dfb702fbed27ae63adba072429cf4

COCOAPODS: 1.7.2
